
Microsoft Visual Studio Solution File, Format Version 12.00
# Visual Studio 2013
VisualStudioVersion = 12.0.30723.0
MinimumVisualStudioVersion = 10.0.40219.1
Project("{8BC9CEB8-8B4A-11D0-8D11-00A0C91BC942}") = "Lab7D5", "Lab7D5\Lab7D5.vcxproj", "{C00842A2-F021-4174-8C47-ED253ED9CF62}"
EndProject
Global
	GlobalSection(SolutionConfigurationPlatforms) = preSolution
		Debug|Win32 = Debug|Win32
		Release|Win32 = Release|Win32
	EndGlobalSection
	GlobalSection(ProjectConfigurationPlatforms) = postSolution
		{C00842A2-F021-4174-8C47-ED253ED9CF62}.Debug|Win32.ActiveCfg = Debug|Win32
		{C00842A2-F021-4174-8C47-ED253ED9CF62}.Debug|Win32.Build.0 = Debug|Win32
		{C00842A2-F021-4174-8C47-ED253ED9CF62}.Release|Win32.ActiveCfg = Release|Win32
		{C00842A2-F021-4174-8C47-ED253ED9CF62}.Release|Win32.Build.0 = Release|Win32
	EndGlobalSection
	GlobalSection(SolutionProperties) = preSolution
		HideSolutionNode = FALSE
	EndGlobalSection
EndGlobal
